
Microsoft Visual Studio Solution File, Format Version 12.00
# Visual Studio Version 17
VisualStudioVersion = 17.4.33205.214
MinimumVisualStudioVersion = 10.0.40219.1
Project("{9A19103F-16F7-4668-BE54-9A1E7A4F7556}") = "WebAPIeshop", "WebAPIeshop\WebAPIeshop.csproj", "{DB4B5000-0E13-4BAC-A949-F40C35ECA6A4}"
EndProject
Project("{9A19103F-16F7-4668-BE54-9A1E7A4F7556}") = "Domain", "Domain\Domain.csproj", "{E4BEC5D4-29B1-489F-AD2E-06F76A8C733E}"
EndProject
Project("{9A19103F-16F7-4668-BE54-9A1E7A4F7556}") = "DataAccessEF", "DataAccessEF\DataAccessEF.csproj", "{74B2DA17-04A8-42EB-8399-E6225ACE493E}"
EndProject
Project("{9A19103F-16F7-4668-BE54-9A1E7A4F7556}") = "WebAPIeshopNUnit", "WebAPIeshopNUnit\WebAPIeshopNUnit.csproj", "{0DA95848-5BDB-4653-8BEF-E9F375DF0EE8}"
EndProject
Global
	GlobalSection(SolutionConfigurationPlatforms) = preSolution
		Debug|Any CPU = Debug|Any CPU
		Release|Any CPU = Release|Any CPU
	EndGlobalSection
	GlobalSection(ProjectConfigurationPlatforms) = postSolution
		{DB4B5000-0E13-4BAC-A949-F40C35ECA6A4}.Debug|Any CPU.ActiveCfg = Debug|Any CPU
		{DB4B5000-0E13-4BAC-A949-F40C35ECA6A4}.Debug|Any CPU.Build.0 = Debug|Any CPU
		{DB4B5000-0E13-4BAC-A949-F40C35ECA6A4}.Release|Any CPU.ActiveCfg = Release|Any CPU
		{DB4B5000-0E13-4BAC-A949-F40C35ECA6A4}.Release|Any CPU.Build.0 = Release|Any CPU
		{E4BEC5D4-29B1-489F-AD2E-06F76A8C733E}.Debug|Any CPU.ActiveCfg = Debug|Any CPU
		{E4BEC5D4-29B1-489F-AD2E-06F76A8C733E}.Debug|Any CPU.Build.0 = Debug|Any CPU
		{E4BEC5D4-29B1-489F-AD2E-06F76A8C733E}.Release|Any CPU.ActiveCfg = Release|Any CPU
		{E4BEC5D4-29B1-489F-AD2E-06F76A8C733E}.Release|Any CPU.Build.0 = Release|Any CPU
		{74B2DA17-04A8-42EB-8399-E6225ACE493E}.Debug|Any CPU.ActiveCfg = Debug|Any CPU
		{74B2DA17-04A8-42EB-8399-E6225ACE493E}.Debug|Any CPU.Build.0 = Debug|Any CPU
		{74B2DA17-04A8-42EB-8399-E6225ACE493E}.Release|Any CPU.ActiveCfg = Release|Any CPU
		{74B2DA17-04A8-42EB-8399-E6225ACE493E}.Release|Any CPU.Build.0 = Release|Any CPU
		{0DA95848-5BDB-4653-8BEF-E9F375DF0EE8}.Debug|Any CPU.ActiveCfg = Debug|Any CPU
		{0DA95848-5BDB-4653-8BEF-E9F375DF0EE8}.Debug|Any CPU.Build.0 = Debug|Any CPU
		{0DA95848-5BDB-4653-8BEF-E9F375DF0EE8}.Release|Any CPU.ActiveCfg = Release|Any CPU
		{0DA95848-5BDB-4653-8BEF-E9F375DF0EE8}.Release|Any CPU.Build.0 = Release|Any CPU
	EndGlobalSection
	GlobalSection(SolutionProperties) = preSolution
		HideSolutionNode = FALSE
	EndGlobalSection
	GlobalSection(ExtensibilityGlobals) = postSolution
		SolutionGuid = {E5FA4CD2-0F25-4293-A839-5BEA46036D35}
	EndGlobalSection
EndGlobal
